// !$*UTF8*$!
{
	archiveVersion = 1;
	classes = {
	};
	objectVersion = 56;
	objects = {

/* Begin PBXBuildFile section */
		1DB899D42BE4D92C0052439A /* AppDelegate.swift in Sources */ = {isa = PBXBuildFile; fileRef = 1DB899D32BE4D92C0052439A /* AppDelegate.swift */; };
		1DB899D62BE4D92C0052439A /* SceneDelegate.swift in Sources */ = {isa = PBXBuildFile; fileRef = 1DB899D52BE4D92C0052439A /* SceneDelegate.swift */; };
		1DB899D82BE4D92C0052439A /* PostListViewController.swift in Sources */ = {isa = PBXBuildFile; fileRef = 1DB899D72BE4D92C0052439A /* PostListViewController.swift */; };
		1DB899DB2BE4D92C0052439A /* Base in Resources */ = {isa = PBXBuildFile; fileRef = 1DB899DA2BE4D92C0052439A /* Base */; };
		1DB899DD2BE4D92D0052439A /* Assets.xcassets in Resources */ = {isa = PBXBuildFile; fileRef = 1DB899DC2BE4D92D0052439A /* Assets.xcassets */; };
		1DB899E02BE4D92D0052439A /* Base in Resources */ = {isa = PBXBuildFile; fileRef = 1DB899DF2BE4D92D0052439A /* Base */; };
		1DB899EB2BE4D92D0052439A /* SimpleTableTests.swift in Sources */ = {isa = PBXBuildFile; fileRef = 1DB899EA2BE4D92D0052439A /* SimpleTableTests.swift */; };
		1DB899F52BE4D92D0052439A /* SimpleTableUITests.swift in Sources */ = {isa = PBXBuildFile; fileRef = 1DB899F42BE4D92D0052439A /* SimpleTableUITests.swift */; };
		1DB899F72BE4D92D0052439A /* SimpleTableUITestsLaunchTests.swift in Sources */ = {isa = PBXBuildFile; fileRef = 1DB899F62BE4D92D0052439A /* SimpleTableUITestsLaunchTests.swift */; };
		1DB89A042BE4D9E00052439A /* PostListViewModel.swift in Sources */ = {isa = PBXBuildFile; fileRef = 1DB89A032BE4D9E00052439A /* PostListViewModel.swift */; };
		1DB89A062BE4DA270052439A /* Post.swift in Sources */ = {isa = PBXBuildFile; fileRef = 1DB89A052BE4DA270052439A /* Post.swift */; };
		1DB89A0A2BE50D8F0052439A /* PostListCell.swift in Sources */ = {isa = PBXBuildFile; fileRef = 1DB89A092BE50D8F0052439A /* PostListCell.swift */; };
/* End PBXBuildFile section */

/* Begin PBXContainerItemProxy section */
		1DB899E72BE4D92D0052439A /* PBXContainerItemProxy */ = {
			isa = PBXContainerItemProxy;
			containerPortal = 1DB899C82BE4D92C0052439A /* Project object */;
			proxyType = 1;
			remoteGlobalIDString = 1DB899CF2BE4D92C0052439A;
			remoteInfo = SimpleTable;
		};
		1DB899F12BE4D92D0052439A /* PBXContainerItemProxy */ = {
			isa = PBXContainerItemProxy;
			containerPortal = 1DB899C82BE4D92C0052439A /* Project object */;
			proxyType = 1;
			remoteGlobalIDString = 1DB899CF2BE4D92C0052439A;
			remoteInfo = SimpleTable;
		};
/* End PBXContainerItemProxy section */

/* Begin PBXFileReference section */
		1DB899D02BE4D92C0052439A /* SimpleTable.app */ = {isa = PBXFileReference; explicitFileType = wrapper.application; includeInIndex = 0; path = SimpleTable.app; sourceTree = BUILT_PRODUCTS_DIR; };
		1DB899D32BE4D92C0052439A /* AppDelegate.swift */ = {isa = PBXFileReference; lastKnownFileType = sourcecode.swift; path = AppDelegate.swift; sourceTree = "<group>"; };
		1DB899D52BE4D92C0052439A /* SceneDelegate.swift */ = {isa = PBXFileReference; lastKnownFileType = sourcecode.swift; path = SceneDelegate.swift; sourceTree = "<group>"; };
		1DB899D72BE4D92C0052439A /* PostListViewController.swift */ = {isa = PBXFileReference; lastKnownFileType = sourcecode.swift; path = PostListViewController.swift; sourceTree = "<group>"; };
		1DB899DA2BE4D92C0052439A /* Base */ = {isa = PBXFileReference; lastKnownFileType = file.storyboard; name = Base; path = Base.lproj/Main.storyboard; sourceTree = "<group>"; };
		1DB899DC2BE4D92D0052439A /* Assets.xcassets */ = {isa = PBXFileReference; lastKnownFileType = folder.assetcatalog; path = Assets.xcassets; sourceTree = "<group>"; };
		1DB899DF2BE4D92D0052439A /* Base */ = {isa = PBXFileReference; lastKnownFileType = file.storyboard; name = Base; path = Base.lproj/LaunchScreen.storyboard; sourceTree = "<group>"; };
		1DB899E12BE4D92D0052439A /* Info.plist */ = {isa = PBXFileReference; lastKnownFileType = text.plist.xml; path = Info.plist; sourceTree = "<group>"; };
		1DB899E62BE4D92D0052439A /* SimpleTableTests.xctest */ = {isa = PBXFileReference; explicitFileType = wrapper.cfbundle; includeInIndex = 0; path = SimpleTableTests.xctest; sourceTree = BUILT_PRODUCTS_DIR; };
		1DB899EA2BE4D92D0052439A /* SimpleTableTests.swift */ = {isa = PBXFileReference; lastKnownFileType = sourcecode.swift; path = SimpleTableTests.swift; sourceTree = "<group>"; };
		1DB899F02BE4D92D0052439A /* SimpleTableUITests.xctest */ = {isa = PBXFileReference; explicitFileType = wrapper.cfbundle; includeInIndex = 0; path = SimpleTableUITests.xctest; sourceTree = BUILT_PRODUCTS_DIR; };
		1DB899F42BE4D92D0052439A /* SimpleTableUITests.swift */ = {isa = PBXFileReference; lastKnownFileType = sourcecode.swift; path = SimpleTableUITests.swift; sourceTree = "<group>"; };
		1DB899F62BE4D92D0052439A /* SimpleTableUITestsLaunchTests.swift */ = {isa = PBXFileReference; lastKnownFileType = sourcecode.swift; path = SimpleTableUITestsLaunchTests.swift; sourceTree = "<group>"; };
		1DB89A032BE4D9E00052439A /* PostListViewModel.swift */ = {isa = PBXFileReference; lastKnownFileType = sourcecode.swift; path = PostListViewModel.swift; sourceTree = "<group>"; };
		1DB89A052BE4DA270052439A /* Post.swift */ = {isa = PBXFileReference; lastKnownFileType = sourcecode.swift; path = Post.swift; sourceTree = "<group>"; };
		1DB89A092BE50D8F0052439A /* PostListCell.swift */ = {isa = PBXFileReference; lastKnownFileType = sourcecode.swift; path = PostListCell.swift; sourceTree = "<group>"; };
/* End PBXFileReference section */

/* Begin PBXFrameworksBuildPhase section */
		1DB899CD2BE4D92C0052439A /* Frameworks */ = {
			isa = PBXFrameworksBuildPhase;
			buildActionMask = 2147483647;
			files = (
			);
			runOnlyForDeploymentPostprocessing = 0;
		};
		1DB899E32BE4D92D0052439A /* Frameworks */ = {
			isa = PBXFrameworksBuildPhase;
			buildActionMask = 2147483647;
			files = (
			);
			runOnlyForDeploymentPostprocessing = 0;
		};
		1DB899ED2BE4D92D0052439A /* Frameworks */ = {
			isa = PBXFrameworksBuildPhase;
			buildActionMask = 2147483647;
			files = (
			);
			runOnlyForDeploymentPostprocessing = 0;
		};
/* End PBXFrameworksBuildPhase section */

/* Begin PBXGroup section */
		1DB899C72BE4D92C0052439A = {
			isa = PBXGroup;
			children = (
				1DB899D22BE4D92C0052439A /* SimpleTable */,
				1DB899E92BE4D92D0052439A /* SimpleTableTests */,
				1DB899F32BE4D92D0052439A /* SimpleTableUITests */,
				1DB899D12BE4D92C0052439A /* Products */,
			);
			sourceTree = "<group>";
		};
		1DB899D12BE4D92C0052439A /* Products */ = {
			isa = PBXGroup;
			children = (
				1DB899D02BE4D92C0052439A /* SimpleTable.app */,
				1DB899E62BE4D92D0052439A /* SimpleTableTests.xctest */,
				1DB899F02BE4D92D0052439A /* SimpleTableUITests.xctest */,
			);
			name = Products;
			sourceTree = "<group>";
		};
		1DB899D22BE4D92C0052439A /* SimpleTable */ = {
			isa = PBXGroup;
			children = (
				1DB899D32BE4D92C0052439A /* AppDelegate.swift */,
				1DB899D52BE4D92C0052439A /* SceneDelegate.swift */,
				1DB899D72BE4D92C0052439A /* PostListViewController.swift */,
				1DB89A032BE4D9E00052439A /* PostListViewModel.swift */,
				1DB89A092BE50D8F0052439A /* PostListCell.swift */,
				1DB89A052BE4DA270052439A /* Post.swift */,
				1DB899D92BE4D92C0052439A /* Main.storyboard */,
				1DB899DC2BE4D92D0052439A /* Assets.xcassets */,
				1DB899DE2BE4D92D0052439A /* LaunchScreen.storyboard */,
				1DB899E12BE4D92D0052439A /* Info.plist */,
			);
			path = SimpleTable;
			sourceTree = "<group>";
		};
		1DB899E92BE4D92D0052439A /* SimpleTableTests */ = {
			isa = PBXGroup;
			children = (
				1DB899EA2BE4D92D0052439A /* SimpleTableTests.swift */,
			);
			path = SimpleTableTests;
			sourceTree = "<group>";
		};
		1DB899F32BE4D92D0052439A /* SimpleTableUITests */ = {
			isa = PBXGroup;
			children = (
				1DB899F42BE4D92D0052439A /* SimpleTableUITests.swift */,
				1DB899F62BE4D92D0052439A /* SimpleTableUITestsLaunchTests.swift */,
			);
			path = SimpleTableUITests;
			sourceTree = "<group>";
		};
/* End PBXGroup section */

/* Begin PBXNativeTarget section */
		1DB899CF2BE4D92C0052439A /* SimpleTable */ = {
			isa = PBXNativeTarget;
			buildConfigurationList = 1DB899FA2BE4D92D0052439A /* Build configuration list for PBXNativeTarget "SimpleTable" */;
			buildPhases = (
				1DB899CC2BE4D92C0052439A /* Sources */,
				1DB899CD2BE4D92C0052439A /* Frameworks */,
				1DB899CE2BE4D92C0052439A /* Resources */,
			);
			buildRules = (
			);
			dependencies = (
			);
			name = SimpleTable;
			productName = SimpleTable;
			productReference = 1DB899D02BE4D92C0052439A /* SimpleTable.app */;
			productType = "com.apple.product-type.application";
		};
		1DB899E52BE4D92D0052439A /* SimpleTableTests */ = {
			isa = PBXNativeTarget;
			buildConfigurationList = 1DB899FD2BE4D92D0052439A /* Build configuration list for PBXNativeTarget "SimpleTableTests" */;
			buildPhases = (
				1DB899E22BE4D92D0052439A /* Sources */,
				1DB899E32BE4D92D0052439A /* Frameworks */,
				1DB899E42BE4D92D0052439A /* Resources */,
			);
			buildRules = (
			);
			dependencies = (
				1DB899E82BE4D92D0052439A /* PBXTargetDependency */,
			);
			name = SimpleTableTests;
			productName = SimpleTableTests;
			productReference = 1DB899E62BE4D92D0052439A /* SimpleTableTests.xctest */;
			productType = "com.apple.product-type.bundle.unit-test";
		};
		1DB899EF2BE4D92D0052439A /* SimpleTableUITests */ = {
			isa = PBXNativeTarget;
			buildConfigurationList = 1DB89A002BE4D92D0052439A /* Build configuration list for PBXNativeTarget "SimpleTableUITests" */;
			buildPhases = (
				1DB899EC2BE4D92D0052439A /* Sources */,
				1DB899ED2BE4D92D0052439A /* Frameworks */,
				1DB899EE2BE4D92D0052439A /* Resources */,
			);
			buildRules = (
			);
			dependencies = (
				1DB899F22BE4D92D0052439A /* PBXTargetDependency */,
			);
			name = SimpleTableUITests;
			productName = SimpleTableUITests;
			productReference = 1DB899F02BE4D92D0052439A /* SimpleTableUITests.xctest */;
			productType = "com.apple.product-type.bundle.ui-testing";
		};
/* End PBXNativeTarget section */

/* Begin PBXProject section */
		1DB899C82BE4D92C0052439A /* Project object */ = {
			isa = PBXProject;
			attributes = {
				BuildIndependentTargetsInParallel = 1;
				LastSwiftUpdateCheck = 1530;
				LastUpgradeCheck = 1530;
				TargetAttributes = {
					1DB899CF2BE4D92C0052439A = {
						CreatedOnToolsVersion = 15.3;
					};
					1DB899E52BE4D92D0052439A = {
						CreatedOnToolsVersion = 15.3;
						TestTargetID = 1DB899CF2BE4D92C0052439A;
					};
					1DB899EF2BE4D92D0052439A = {
						CreatedOnToolsVersion = 15.3;
						TestTargetID = 1DB899CF2BE4D92C0052439A;
					};
				};
			};
			buildConfigurationList = 1DB899CB2BE4D92C0052439A /* Build configuration list for PBXProject "SimpleTable" */;
			compatibilityVersion = "Xcode 14.0";
			developmentRegion = en;
			hasScannedForEncodings = 0;
			knownRegions = (
				en,
				Base,
			);
			mainGroup = 1DB899C72BE4D92C0052439A;
			productRefGroup = 1DB899D12BE4D92C0052439A /* Products */;
			projectDirPath = "";
			projectRoot = "";
			targets = (
				1DB899CF2BE4D92C0052439A /* SimpleTable */,
				1DB899E52BE4D92D0052439A /* SimpleTableTests */,
				1DB899EF2BE4D92D0052439A /* SimpleTableUITests */,
			);
		};
/* End PBXProject section */

/* Begin PBXResourcesBuildPhase section */
		1DB899CE2BE4D92C0052439A /* Resources */ = {
			isa = PBXResourcesBuildPhase;
			buildActionMask = 2147483647;
			files = (
				1DB899DD2BE4D92D0052439A /* Assets.xcassets in Resources */,
				1DB899E02BE4D92D0052439A /* Base in Resources */,
				1DB899DB2BE4D92C0052439A /* Base in Resources */,
			);
			runOnlyForDeploymentPostprocessing = 0;
		};
		1DB899E42BE4D92D0052439A /* Resources */ = {
			isa = PBXResourcesBuildPhase;
			buildActionMask = 2147483647;
			files = (
			);
			runOnlyForDeploymentPostprocessing = 0;
		};
		1DB899EE2BE4D92D0052439A /* Resources */ = {
			isa = PBXResourcesBuildPhase;
			buildActionMask = 2147483647;
			files = (
			);
			runOnlyForDeploymentPostprocessing = 0;
		};
/* End PBXResourcesBuildPhase section */

/* Begin PBXSourcesBuildPhase section */
		1DB899CC2BE4D92C0052439A /* Sources */ = {
			isa = PBXSourcesBuildPhase;
			buildActionMask = 2147483647;
			files = (
				1DB899D82BE4D92C0052439A /* PostListViewController.swift in Sources */,
				1DB899D42BE4D92C0052439A /* AppDelegate.swift in Sources */,
				1DB89A0A2BE50D8F0052439A /* PostListCell.swift in Sources */,
				1DB89A062BE4DA270052439A /* Post.swift in Sources */,
				1DB89A042BE4D9E00052439A /* PostListViewModel.swift in Sources */,
				1DB899D62BE4D92C0052439A /* SceneDelegate.swift in Sources */,
			);
			runOnlyForDeploymentPostprocessing = 0;
		};
		1DB899E22BE4D92D0052439A /* Sources */ = {
			isa = PBXSourcesBuildPhase;
			buildActionMask = 2147483647;
			files = (
				1DB899EB2BE4D92D0052439A /* SimpleTableTests.swift in Sources */,
			);
			runOnlyForDeploymentPostprocessing = 0;
		};
		1DB899EC2BE4D92D0052439A /* Sources */ = {
			isa = PBXSourcesBuildPhase;
			buildActionMask = 2147483647;
			files = (
				1DB899F52BE4D92D0052439A /* SimpleTableUITests.swift in Sources */,
				1DB899F72BE4D92D0052439A /* SimpleTableUITestsLaunchTests.swift in Sources */,
			);
			runOnlyForDeploymentPostprocessing = 0;
		};
/* End PBXSourcesBuildPhase section */

/* Begin PBXTargetDependency section */
		1DB899E82BE4D92D0052439A /* PBXTargetDependency */ = {
			isa = PBXTargetDependency;
			target = 1DB899CF2BE4D92C0052439A /* SimpleTable */;
			targetProxy = 1DB899E72BE4D92D0052439A /* PBXContainerItemProxy */;
		};
		1DB899F22BE4D92D0052439A /* PBXTargetDependency */ = {
			isa = PBXTargetDependency;
			target = 1DB899CF2BE4D92C0052439A /* SimpleTable */;
			targetProxy = 1DB899F12BE4D92D0052439A /* PBXContainerItemProxy */;
		};
/* End PBXTargetDependency section */

/* Begin PBXVariantGroup section */
		1DB899D92BE4D92C0052439A /* Main.storyboard */ = {
			isa = PBXVariantGroup;
			children = (
				1DB899DA2BE4D92C0052439A /* Base */,
			);
			name = Main.storyboard;
			sourceTree = "<group>";
		};
		1DB899DE2BE4D92D0052439A /* LaunchScreen.storyboard */ = {
			isa = PBXVariantGroup;
			children = (
				1DB899DF2BE4D92D0052439A /* Base */,
			);
			name = LaunchScreen.storyboard;
			sourceTree = "<group>";
		};
/* End PBXVariantGroup section */

/* Begin XCBuildConfiguration section */
		1DB899F82BE4D92D0052439A /* Debug */ = {
			isa = XCBuildConfiguration;
			buildSettings = {
				ALWAYS_SEARCH_USER_PATHS = NO;
				ASSETCATALOG_COMPILER_GENERATE_SWIFT_ASSET_SYMBOL_EXTENSIONS = YES;
				CLANG_ANALYZER_NONNULL = YES;
				CLANG_ANALYZER_NUMBER_OBJECT_CONVERSION = YES_AGGRESSIVE;
				CLANG_CXX_LANGUAGE_STANDARD = "gnu++20";
				CLANG_ENABLE_MODULES = YES;
				CLANG_ENABLE_OBJC_ARC = YES;
				CLANG_ENABLE_OBJC_WEAK = YES;
				CLANG_WARN_BLOCK_CAPTURE_AUTORELEASING = YES;
				CLANG_WARN_BOOL_CONVERSION = YES;
				CLANG_WARN_COMMA = YES;
				CLANG_WARN_CONSTANT_CONVERSION = YES;
				CLANG_WARN_DEPRECATED_OBJC_IMPLEMENTATIONS = YES;
				CLANG_WARN_DIRECT_OBJC_ISA_USAGE = YES_ERROR;
				CLANG_WARN_DOCUMENTATION_COMMENTS = YES;
				CLANG_WARN_EMPTY_BODY = YES;
				CLANG_WARN_ENUM_CONVERSION = YES;
				CLANG_WARN_INFINITE_RECURSION = YES;
				CLANG_WARN_INT_CONVERSION = YES;
				CLANG_WARN_NON_LITERAL_NULL_CONVERSION = YES;
				CLANG_WARN_OBJC_IMPLICIT_RETAIN_SELF = YES;
				CLANG_WARN_OBJC_LITERAL_CONVERSION = YES;
				CLANG_WARN_OBJC_ROOT_CLASS = YES_ERROR;
				CLANG_WARN_QUOTED_INCLUDE_IN_FRAMEWORK_HEADER = YES;
				CLANG_WARN_RANGE_LOOP_ANALYSIS = YES;
				CLANG_WARN_STRICT_PROTOTYPES = YES;
				CLANG_WARN_SUSPICIOUS_MOVE = YES;
				CLANG_WARN_UNGUARDED_AVAILABILITY = YES_AGGRESSIVE;
				CLANG_WARN_UNREACHABLE_CODE = YES;
				CLANG_WARN__DUPLICATE_METHOD_MATCH = YES;
				COPY_PHASE_STRIP = NO;
				DEBUG_INFORMATION_FORMAT = dwarf;
				ENABLE_STRICT_OBJC_MSGSEND = YES;
				ENABLE_TESTABILITY = YES;
				ENABLE_USER_SCRIPT_SANDBOXING = YES;
				GCC_C_LANGUAGE_STANDARD = gnu17;
				GCC_DYNAMIC_NO_PIC = NO;
				GCC_NO_COMMON_BLOCKS = YES;
				GCC_OPTIMIZATION_LEVEL = 0;
				GCC_PREPROCESSOR_DEFINITIONS = (
					"DEBUG=1",
					"$(inherited)",
				);
				GCC_WARN_64_TO_32_BIT_CONVERSION = YES;
				GCC_WARN_ABOUT_RETURN_TYPE = YES_ERROR;
				GCC_WARN_UNDECLARED_SELECTOR = YES;
				GCC_WARN_UNINITIALIZED_AUTOS = YES_AGGRESSIVE;
				GCC_WARN_UNUSED_FUNCTION = YES;
				GCC_WARN_UNUSED_VARIABLE = YES;
				IPHONEOS_DEPLOYMENT_TARGET = 17.4;
				LOCALIZATION_PREFERS_STRING_CATALOGS = YES;
				MTL_ENABLE_DEBUG_INFO = INCLUDE_SOURCE;
				MTL_FAST_MATH = YES;
				ONLY_ACTIVE_ARCH = YES;
				SDKROOT = iphoneos;
				SWIFT_ACTIVE_COMPILATION_CONDITIONS = "DEBUG $(inherited)";
				SWIFT_OPTIMIZATION_LEVEL = "-Onone";
			};
			name = Debug;
		};
		1DB899F92BE4D92D0052439A /* Release */ = {
			isa = XCBuildConfiguration;
			buildSettings = {
				ALWAYS_SEARCH_USER_PATHS = NO;
				ASSETCATALOG_COMPILER_GENERATE_SWIFT_ASSET_SYMBOL_EXTENSIONS = YES;
				CLANG_ANALYZER_NONNULL = YES;
				CLANG_ANALYZER_NUMBER_OBJECT_CONVERSION = YES_AGGRESSIVE;
				CLANG_CXX_LANGUAGE_STANDARD = "gnu++20";
				CLANG_ENABLE_MODULES = YES;
				CLANG_ENABLE_OBJC_ARC = YES;
				CLANG_ENABLE_OBJC_WEAK = YES;
				CLANG_WARN_BLOCK_CAPTURE_AUTORELEASING = YES;
				CLANG_WARN_BOOL_CONVERSION = YES;
				CLANG_WARN_COMMA = YES;
				CLANG_WARN_CONSTANT_CONVERSION = YES;
				CLANG_WARN_DEPRECATED_OBJC_IMPLEMENTATIONS = YES;
				CLANG_WARN_DIRECT_OBJC_ISA_USAGE = YES_ERROR;
				CLANG_WARN_DOCUMENTATION_COMMENTS = YES;
				CLANG_WARN_EMPTY_BODY = YES;
				CLANG_WARN_ENUM_CONVERSION = YES;
				CLANG_WARN_INFINITE_RECURSION = YES;
				CLANG_WARN_INT_CONVERSION = YES;
				CLANG_WARN_NON_LITERAL_NULL_CONVERSION = YES;
				CLANG_WARN_OBJC_IMPLICIT_RETAIN_SELF = YES;
				CLANG_WARN_OBJC_LITERAL_CONVERSION = YES;
				CLANG_WARN_OBJC_ROOT_CLASS = YES_ERROR;
				CLANG_WARN_QUOTED_INCLUDE_IN_FRAMEWORK_HEADER = YES;
				CLANG_WARN_RANGE_LOOP_ANALYSIS = YES;
				CLANG_WARN_STRICT_PROTOTYPES = YES;
				CLANG_WARN_SUSPICIOUS_MOVE = YES;
				CLANG_WARN_UNGUARDED_AVAILABILITY = YES_AGGRESSIVE;
				CLANG_WARN_UNREACHABLE_CODE = YES;
				CLANG_WARN__DUPLICATE_METHOD_MATCH = YES;
				COPY_PHASE_STRIP = NO;
				DEBUG_INFORMATION_FORMAT = "dwarf-with-dsym";
				ENABLE_NS_ASSERTIONS = NO;
				ENABLE_STRICT_OBJC_MSGSEND = YES;
				ENABLE_USER_SCRIPT_SANDBOXING = YES;
				GCC_C_LANGUAGE_STANDARD = gnu17;
				GCC_NO_COMMON_BLOCKS = YES;
				GCC_WARN_64_TO_32_BIT_CONVERSION = YES;
				GCC_WARN_ABOUT_RETURN_TYPE = YES_ERROR;
				GCC_WARN_UNDECLARED_SELECTOR = YES;
				GCC_WARN_UNINITIALIZED_AUTOS = YES_AGGRESSIVE;
				GCC_WARN_UNUSED_FUNCTION = YES;
				GCC_WARN_UNUSED_VARIABLE = YES;
				IPHONEOS_DEPLOYMENT_TARGET = 17.4;
				LOCALIZATION_PREFERS_STRING_CATALOGS = YES;
				MTL_ENABLE_DEBUG_INFO = NO;
				MTL_FAST_MATH = YES;
				SDKROOT = iphoneos;
				SWIFT_COMPILATION_MODE = wholemodule;
				VALIDATE_PRODUCT = YES;
			};
			name = Release;
		};
		1DB899FB2BE4D92D0052439A /* Debug */ = {
			isa = XCBuildConfiguration;
			buildSettings = {
				ASSETCATALOG_COMPILER_APPICON_NAME = AppIcon;
				ASSETCATALOG_COMPILER_GLOBAL_ACCENT_COLOR_NAME = AccentColor;
				CODE_SIGN_STYLE = Automatic;
				CURRENT_PROJECT_VERSION = 1;
				GENERATE_INFOPLIST_FILE = YES;
				INFOPLIST_FILE = SimpleTable/Info.plist;
				INFOPLIST_KEY_UIApplicationSupportsIndirectInputEvents = YES;
				INFOPLIST_KEY_UILaunchStoryboardName = LaunchScreen;
				INFOPLIST_KEY_UIMainStoryboardFile = Main;
				INFOPLIST_KEY_UISupportedInterfaceOrientations_iPad = "UIInterfaceOrientationPortrait UIInterfaceOrientationPortraitUpsideDown UIInterfaceOrientationLandscapeLeft UIInterfaceOrientationLandscapeRight";
				INFOPLIST_KEY_UISupportedInterfaceOrientations_iPhone = "UIInterfaceOrientationPortrait UIInterfaceOrientationLandscapeLeft UIInterfaceOrientationLandscapeRight";
				LD_RUNPATH_SEARCH_PATHS = (
					"$(inherited)",
					"@executable_path/Frameworks",
				);
				MARKETING_VERSION = 1.0;
				PRODUCT_BUNDLE_IDENTIFIER = nishitgoenka.SimpleTable;
				PRODUCT_NAME = "$(TARGET_NAME)";
				SWIFT_EMIT_LOC_STRINGS = YES;
				SWIFT_VERSION = 5.0;
				TARGETED_DEVICE_FAMILY = "1,2";
			};
			name = Debug;
		};
		1DB899FC2BE4D92D0052439A /* Release */ = {
			isa = XCBuildConfiguration;
			buildSettings = {
				ASSETCATALOG_COMPILER_APPICON_NAME = AppIcon;
				ASSETCATALOG_COMPILER_GLOBAL_ACCENT_COLOR_NAME = AccentColor;
				CODE_SIGN_STYLE = Automatic;
				CURRENT_PROJECT_VERSION = 1;
				GENERATE_INFOPLIST_FILE = YES;
				INFOPLIST_FILE = SimpleTable/Info.plist;
				INFOPLIST_KEY_UIApplicationSupportsIndirectInputEvents = YES;
				INFOPLIST_KEY_UILaunchStoryboardName = LaunchScreen;
				INFOPLIST_KEY_UIMainStoryboardFile = Main;
				INFOPLIST_KEY_UISupportedInterfaceOrientations_iPad = "UIInterfaceOrientationPortrait UIInterfaceOrientationPortraitUpsideDown UIInterfaceOrientationLandscapeLeft UIInterfaceOrientationLandscapeRight";
				INFOPLIST_KEY_UISupportedInterfaceOrientations_iPhone = "UIInterfaceOrientationPortrait UIInterfaceOrientationLandscapeLeft UIInterfaceOrientationLandscapeRight";
				LD_RUNPATH_SEARCH_PATHS = (
					"$(inherited)",
					"@executable_path/Frameworks",
				);
				MARKETING_VERSION = 1.0;
				PRODUCT_BUNDLE_IDENTIFIER = nishitgoenka.SimpleTable;
				PRODUCT_NAME = "$(TARGET_NAME)";
				SWIFT_EMIT_LOC_STRINGS = YES;
				SWIFT_VERSION = 5.0;
				TARGETED_DEVICE_FAMILY = "1,2";
			};
			name = Release;
		};
		1DB899FE2BE4D92D0052439A /* Debug */ = {
			isa = XCBuildConfiguration;
			buildSettings = {
				ALWAYS_EMBED_SWIFT_STANDARD_LIBRARIES = YES;
				BUNDLE_LOADER = "$(TEST_HOST)";
				CODE_SIGN_STYLE = Automatic;
				CURRENT_PROJECT_VERSION = 1;
				GENERATE_INFOPLIST_FILE = YES;
				IPHONEOS_DEPLOYMENT_TARGET = 17.4;
				MARKETING_VERSION = 1.0;
				PRODUCT_BUNDLE_IDENTIFIER = nishitgoenka.SimpleTableTests;
				PRODUCT_NAME = "$(TARGET_NAME)";
				SWIFT_EMIT_LOC_STRINGS = NO;
				SWIFT_VERSION = 5.0;
				TARGETED_DEVICE_FAMILY = "1,2";
				TEST_HOST = "$(BUILT_PRODUCTS_DIR)/SimpleTable.app/$(BUNDLE_EXECUTABLE_FOLDER_PATH)/SimpleTable";
			};
			name = Debug;
		};
		1DB899FF2BE4D92D0052439A /* Release */ = {
			isa = XCBuildConfiguration;
			buildSettings = {
				ALWAYS_EMBED_SWIFT_STANDARD_LIBRARIES = YES;
				BUNDLE_LOADER = "$(TEST_HOST)";
				CODE_SIGN_STYLE = Automatic;
				CURRENT_PROJECT_VERSION = 1;
				GENERATE_INFOPLIST_FILE = YES;
				IPHONEOS_DEPLOYMENT_TARGET = 17.4;
				MARKETING_VERSION = 1.0;
				PRODUCT_BUNDLE_IDENTIFIER = nishitgoenka.SimpleTableTests;
				PRODUCT_NAME = "$(TARGET_NAME)";
				SWIFT_EMIT_LOC_STRINGS = NO;
				SWIFT_VERSION = 5.0;
				TARGETED_DEVICE_FAMILY = "1,2";
				TEST_HOST = "$(BUILT_PRODUCTS_DIR)/SimpleTable.app/$(BUNDLE_EXECUTABLE_FOLDER_PATH)/SimpleTable";
			};
			name = Release;
		};
		1DB89A012BE4D92D0052439A /* Debug */ = {
			isa = XCBuildConfiguration;
			buildSettings = {
				ALWAYS_EMBED_SWIFT_STANDARD_LIBRARIES = YES;
				CODE_SIGN_STYLE = Automatic;
				CURRENT_PROJECT_VERSION = 1;
				GENERATE_INFOPLIST_FILE = YES;
				MARKETING_VERSION = 1.0;
				PRODUCT_BUNDLE_IDENTIFIER = nishitgoenka.SimpleTableUITests;
				PRODUCT_NAME = "$(TARGET_NAME)";
				SWIFT_EMIT_LOC_STRINGS = NO;
				SWIFT_VERSION = 5.0;
				TARGETED_DEVICE_FAMILY = "1,2";
				TEST_TARGET_NAME = SimpleTable;
			};
			name = Debug;
		};
		1DB89A022BE4D92D0052439A /* Release */ = {
			isa = XCBuildConfiguration;
			buildSettings = {
				ALWAYS_EMBED_SWIFT_STANDARD_LIBRARIES = YES;
				CODE_SIGN_STYLE = Automatic;
				CURRENT_PROJECT_VERSION = 1;
				GENERATE_INFOPLIST_FILE = YES;
				MARKETING_VERSION = 1.0;
				PRODUCT_BUNDLE_IDENTIFIER = nishitgoenka.SimpleTableUITests;
				PRODUCT_NAME = "$(TARGET_NAME)";
				SWIFT_EMIT_LOC_STRINGS = NO;
				SWIFT_VERSION = 5.0;
				TARGETED_DEVICE_FAMILY = "1,2";
				TEST_TARGET_NAME = SimpleTable;
			};
			name = Release;
		};
/* End XCBuildConfiguration section */

/* Begin XCConfigurationList section */
		1DB899CB2BE4D92C0052439A /* Build configuration list for PBXProject "SimpleTable" */ = {
			isa = XCConfigurationList;
			buildConfigurations = (
				1DB899F82BE4D92D0052439A /* Debug */,
				1DB899F92BE4D92D0052439A /* Release */,
			);
			defaultConfigurationIsVisible = 0;
			defaultConfigurationName = Release;
		};
		1DB899FA2BE4D92D0052439A /* Build configuration list for PBXNativeTarget "SimpleTable" */ = {
			isa = XCConfigurationList;
			buildConfigurations = (
				1DB899FB2BE4D92D0052439A /* Debug */,
				1DB899FC2BE4D92D0052439A /* Release */,
			);
			defaultConfigurationIsVisible = 0;
			defaultConfigurationName = Release;
		};
		1DB899FD2BE4D92D0052439A /* Build configuration list for PBXNativeTarget "SimpleTableTests" */ = {
			isa = XCConfigurationList;
			buildConfigurations = (
				1DB899FE2BE4D92D0052439A /* Debug */,
				1DB899FF2BE4D92D0052439A /* Release */,
			);
			defaultConfigurationIsVisible = 0;
			defaultConfigurationName = Release;
		};
		1DB89A002BE4D92D0052439A /* Build configuration list for PBXNativeTarget "SimpleTableUITests" */ = {
			isa = XCConfigurationList;
			buildConfigurations = (
				1DB89A012BE4D92D0052439A /* Debug */,
				1DB89A022BE4D92D0052439A /* Release */,
			);
			defaultConfigurationIsVisible = 0;
			defaultConfigurationName = Release;
		};
/* End XCConfigurationList section */
	};
	rootObject = 1DB899C82BE4D92C0052439A /* Project object */;
}
